// !$*UTF8*$!
{
	archiveVersion = 1;
	classes = {
	};
	objectVersion = 46;
	objects = {

/* Begin PBXBuildFile section */
		422C0FC71D4AECCB0044007E /* AppDelegate.swift in Sources */ = {isa = PBXBuildFile; fileRef = 422C0FC61D4AECCB0044007E /* AppDelegate.swift */; };
		422C0FC91D4AECCB0044007E /* ViewController.swift in Sources */ = {isa = PBXBuildFile; fileRef = 422C0FC81D4AECCB0044007E /* ViewController.swift */; };
		422C0FCC1D4AECCB0044007E /* Main.storyboard in Resources */ = {isa = PBXBuildFile; fileRef = 422C0FCA1D4AECCB0044007E /* Main.storyboard */; };
		422C0FCE1D4AECCB0044007E /* Assets.xcassets in Resources */ = {isa = PBXBuildFile; fileRef = 422C0FCD1D4AECCB0044007E /* Assets.xcassets */; };
		422C0FD11D4AECCB0044007E /* LaunchScreen.storyboard in Resources */ = {isa = PBXBuildFile; fileRef = 422C0FCF1D4AECCB0044007E /* LaunchScreen.storyboard */; };
		422C0FDC1D4AECCB0044007E /* PokedexTests.swift in Sources */ = {isa = PBXBuildFile; fileRef = 422C0FDB1D4AECCB0044007E /* PokedexTests.swift */; };
		422C0FE71D4AECCB0044007E /* PokedexUITests.swift in Sources */ = {isa = PBXBuildFile; fileRef = 422C0FE61D4AECCB0044007E /* PokedexUITests.swift */; };
		4256E4A11D4C3823004666A7 /* csv.swift in Sources */ = {isa = PBXBuildFile; fileRef = 4256E4A01D4C3823004666A7 /* csv.swift */; };
		4256E4A31D4C415D004666A7 /* pokemon.ttf in Resources */ = {isa = PBXBuildFile; fileRef = 4256E4A21D4C415D004666A7 /* pokemon.ttf */; };
		4256E4A81D4C447B004666A7 /* music.png in Resources */ = {isa = PBXBuildFile; fileRef = 4256E4A71D4C447B004666A7 /* music.png */; };
		4256E4AC1D4C467D004666A7 /* gym.mp3 in Resources */ = {isa = PBXBuildFile; fileRef = 4256E4AB1D4C467D004666A7 /* gym.mp3 */; };
		4256E4AE1D4C5A5E004666A7 /* PokemonDetailVC.swift in Sources */ = {isa = PBXBuildFile; fileRef = 4256E4AD1D4C5A5E004666A7 /* PokemonDetailVC.swift */; };
		427813941D4AF94900445921 /* pokemon.csv in Resources */ = {isa = PBXBuildFile; fileRef = 427813931D4AF94900445921 /* pokemon.csv */; };
		427813971D4AFAD100445921 /* Pokemon.swift in Sources */ = {isa = PBXBuildFile; fileRef = 427813961D4AFAD100445921 /* Pokemon.swift */; };
		4278139A1D4B06C900445921 /* PokeCellCollectionViewCell.swift in Sources */ = {isa = PBXBuildFile; fileRef = 427813991D4B06C900445921 /* PokeCellCollectionViewCell.swift */; };
/* End PBXBuildFile section */

/* Begin PBXContainerItemProxy section */
		422C0FD81D4AECCB0044007E /* PBXContainerItemProxy */ = {
			isa = PBXContainerItemProxy;
			containerPortal = 422C0FBB1D4AECCB0044007E /* Project object */;
			proxyType = 1;
			remoteGlobalIDString = 422C0FC21D4AECCB0044007E;
			remoteInfo = Pokedex;
		};
		422C0FE31D4AECCB0044007E /* PBXContainerItemProxy */ = {
			isa = PBXContainerItemProxy;
			containerPortal = 422C0FBB1D4AECCB0044007E /* Project object */;
			proxyType = 1;
			remoteGlobalIDString = 422C0FC21D4AECCB0044007E;
			remoteInfo = Pokedex;
		};
/* End PBXContainerItemProxy section */

/* Begin PBXFileReference section */
		422C0FC31D4AECCB0044007E /* Pokedex.app */ = {isa = PBXFileReference; explicitFileType = wrapper.application; includeInIndex = 0; path = Pokedex.app; sourceTree = BUILT_PRODUCTS_DIR; };
		422C0FC61D4AECCB0044007E /* AppDelegate.swift */ = {isa = PBXFileReference; lastKnownFileType = sourcecode.swift; path = AppDelegate.swift; sourceTree = "<group>"; };
		422C0FC81D4AECCB0044007E /* ViewController.swift */ = {isa = PBXFileReference; lastKnownFileType = sourcecode.swift; path = ViewController.swift; sourceTree = "<group>"; };
		422C0FCB1D4AECCB0044007E /* Base */ = {isa = PBXFileReference; lastKnownFileType = file.storyboard; name = Base; path = Base.lproj/Main.storyboard; sourceTree = "<group>"; };
		422C0FCD1D4AECCB0044007E /* Assets.xcassets */ = {isa = PBXFileReference; lastKnownFileType = folder.assetcatalog; path = Assets.xcassets; sourceTree = "<group>"; };
		422C0FD01D4AECCB0044007E /* Base */ = {isa = PBXFileReference; lastKnownFileType = file.storyboard; name = Base; path = Base.lproj/LaunchScreen.storyboard; sourceTree = "<group>"; };
		422C0FD21D4AECCB0044007E /* Info.plist */ = {isa = PBXFileReference; lastKnownFileType = text.plist.xml; path = Info.plist; sourceTree = "<group>"; };
		422C0FD71D4AECCB0044007E /* PokedexTests.xctest */ = {isa = PBXFileReference; explicitFileType = wrapper.cfbundle; includeInIndex = 0; path = PokedexTests.xctest; sourceTree = BUILT_PRODUCTS_DIR; };
		422C0FDB1D4AECCB0044007E /* PokedexTests.swift */ = {isa = PBXFileReference; lastKnownFileType = sourcecode.swift; path = PokedexTests.swift; sourceTree = "<group>"; };
		422C0FDD1D4AECCB0044007E /* Info.plist */ = {isa = PBXFileReference; lastKnownFileType = text.plist.xml; path = Info.plist; sourceTree = "<group>"; };
		422C0FE21D4AECCB0044007E /* PokedexUITests.xctest */ = {isa = PBXFileReference; explicitFileType = wrapper.cfbundle; includeInIndex = 0; path = PokedexUITests.xctest; sourceTree = BUILT_PRODUCTS_DIR; };
		422C0FE61D4AECCB0044007E /* PokedexUITests.swift */ = {isa = PBXFileReference; lastKnownFileType = sourcecode.swift; path = PokedexUITests.swift; sourceTree = "<group>"; };
		422C0FE81D4AECCB0044007E /* Info.plist */ = {isa = PBXFileReference; lastKnownFileType = text.plist.xml; path = Info.plist; sourceTree = "<group>"; };
		4256E4A01D4C3823004666A7 /* csv.swift */ = {isa = PBXFileReference; fileEncoding = 4; lastKnownFileType = sourcecode.swift; path = csv.swift; sourceTree = "<group>"; };
		4256E4A21D4C415D004666A7 /* pokemon.ttf */ = {isa = PBXFileReference; lastKnownFileType = file; path = pokemon.ttf; sourceTree = "<group>"; };
		4256E4A71D4C447B004666A7 /* music.png */ = {isa = PBXFileReference; lastKnownFileType = image.png; path = music.png; sourceTree = "<group>"; };
		4256E4AB1D4C467D004666A7 /* gym.mp3 */ = {isa = PBXFileReference; lastKnownFileType = audio.mp3; path = gym.mp3; sourceTree = "<group>"; };
		4256E4AD1D4C5A5E004666A7 /* PokemonDetailVC.swift */ = {isa = PBXFileReference; fileEncoding = 4; lastKnownFileType = sourcecode.swift; path = PokemonDetailVC.swift; sourceTree = "<group>"; };
		427813931D4AF94900445921 /* pokemon.csv */ = {isa = PBXFileReference; fileEncoding = 4; lastKnownFileType = text; path = pokemon.csv; sourceTree = "<group>"; };
		427813961D4AFAD100445921 /* Pokemon.swift */ = {isa = PBXFileReference; fileEncoding = 4; lastKnownFileType = sourcecode.swift; path = Pokemon.swift; sourceTree = "<group>"; };
		427813991D4B06C900445921 /* PokeCellCollectionViewCell.swift */ = {isa = PBXFileReference; fileEncoding = 4; lastKnownFileType = sourcecode.swift; path = PokeCellCollectionViewCell.swift; sourceTree = "<group>"; };
/* End PBXFileReference section */

/* Begin PBXFrameworksBuildPhase section */
		422C0FC01D4AECCB0044007E /* Frameworks */ = {
			isa = PBXFrameworksBuildPhase;
			buildActionMask = 2147483647;
			files = (
			);
			runOnlyForDeploymentPostprocessing = 0;
		};
		422C0FD41D4AECCB0044007E /* Frameworks */ = {
			isa = PBXFrameworksBuildPhase;
			buildActionMask = 2147483647;
			files = (
			);
			runOnlyForDeploymentPostprocessing = 0;
		};
		422C0FDF1D4AECCB0044007E /* Frameworks */ = {
			isa = PBXFrameworksBuildPhase;
			buildActionMask = 2147483647;
			files = (
			);
			runOnlyForDeploymentPostprocessing = 0;
		};
/* End PBXFrameworksBuildPhase section */

/* Begin PBXGroup section */
		422C0FBA1D4AECCB0044007E = {
			isa = PBXGroup;
			children = (
				422C0FC51D4AECCB0044007E /* Pokedex */,
				422C0FDA1D4AECCB0044007E /* PokedexTests */,
				422C0FE51D4AECCB0044007E /* PokedexUITests */,
				422C0FC41D4AECCB0044007E /* Products */,
			);
			sourceTree = "<group>";
		};
		422C0FC41D4AECCB0044007E /* Products */ = {
			isa = PBXGroup;
			children = (
				422C0FC31D4AECCB0044007E /* Pokedex.app */,
				422C0FD71D4AECCB0044007E /* PokedexTests.xctest */,
				422C0FE21D4AECCB0044007E /* PokedexUITests.xctest */,
			);
			name = Products;
			sourceTree = "<group>";
		};
		422C0FC51D4AECCB0044007E /* Pokedex */ = {
			isa = PBXGroup;
			children = (
				427813951D4AFA9C00445921 /* Model */,
				427813981D4B067C00445921 /* View */,
				4256E4A41D4C4174004666A7 /* Controller */,
				4256E4A51D4C4190004666A7 /* Resources */,
				4256E4A61D4C41B5004666A7 /* Util */,
				422C0FC61D4AECCB0044007E /* AppDelegate.swift */,
				422C0FCA1D4AECCB0044007E /* Main.storyboard */,
				422C0FCD1D4AECCB0044007E /* Assets.xcassets */,
				422C0FCF1D4AECCB0044007E /* LaunchScreen.storyboard */,
				422C0FD21D4AECCB0044007E /* Info.plist */,
			);
			path = Pokedex;
			sourceTree = "<group>";
		};
		422C0FDA1D4AECCB0044007E /* PokedexTests */ = {
			isa = PBXGroup;
			children = (
				422C0FDB1D4AECCB0044007E /* PokedexTests.swift */,
				422C0FDD1D4AECCB0044007E /* Info.plist */,
			);
			path = PokedexTests;
			sourceTree = "<group>";
		};
		422C0FE51D4AECCB0044007E /* PokedexUITests */ = {
			isa = PBXGroup;
			children = (
				422C0FE61D4AECCB0044007E /* PokedexUITests.swift */,
				422C0FE81D4AECCB0044007E /* Info.plist */,
			);
			path = PokedexUITests;
			sourceTree = "<group>";
		};
		4256E4A41D4C4174004666A7 /* Controller */ = {
			isa = PBXGroup;
			children = (
				422C0FC81D4AECCB0044007E /* ViewController.swift */,
				4256E4AD1D4C5A5E004666A7 /* PokemonDetailVC.swift */,
			);
			name = Controller;
			sourceTree = "<group>";
		};
		4256E4A51D4C4190004666A7 /* Resources */ = {
			isa = PBXGroup;
			children = (
				427813931D4AF94900445921 /* pokemon.csv */,
				4256E4A21D4C415D004666A7 /* pokemon.ttf */,
				4256E4A71D4C447B004666A7 /* music.png */,
				4256E4AB1D4C467D004666A7 /* gym.mp3 */,
			);
			name = Resources;
			sourceTree = "<group>";
		};
		4256E4A61D4C41B5004666A7 /* Util */ = {
			isa = PBXGroup;
			children = (
				4256E4A01D4C3823004666A7 /* csv.swift */,
			);
			name = Util;
			sourceTree = "<group>";
		};
		427813951D4AFA9C00445921 /* Model */ = {
			isa = PBXGroup;
			children = (
				427813961D4AFAD100445921 /* Pokemon.swift */,
			);
			name = Model;
			sourceTree = "<group>";
		};
		427813981D4B067C00445921 /* View */ = {
			isa = PBXGroup;
			children = (
				427813991D4B06C900445921 /* PokeCellCollectionViewCell.swift */,
			);
			name = View;
			sourceTree = "<group>";
		};
/* End PBXGroup section */

/* Begin PBXNativeTarget section */
		422C0FC21D4AECCB0044007E /* Pokedex */ = {
			isa = PBXNativeTarget;
			buildConfigurationList = 422C0FEB1D4AECCB0044007E /* Build configuration list for PBXNativeTarget "Pokedex" */;
			buildPhases = (
				422C0FBF1D4AECCB0044007E /* Sources */,
				422C0FC01D4AECCB0044007E /* Frameworks */,
				422C0FC11D4AECCB0044007E /* Resources */,
			);
			buildRules = (
			);
			dependencies = (
			);
			name = Pokedex;
			productName = Pokedex;
			productReference = 422C0FC31D4AECCB0044007E /* Pokedex.app */;
			productType = "com.apple.product-type.application";
		};
		422C0FD61D4AECCB0044007E /* PokedexTests */ = {
			isa = PBXNativeTarget;
			buildConfigurationList = 422C0FEE1D4AECCB0044007E /* Build configuration list for PBXNativeTarget "PokedexTests" */;
			buildPhases = (
				422C0FD31D4AECCB0044007E /* Sources */,
				422C0FD41D4AECCB0044007E /* Frameworks */,
				422C0FD51D4AECCB0044007E /* Resources */,
			);
			buildRules = (
			);
			dependencies = (
				422C0FD91D4AECCB0044007E /* PBXTargetDependency */,
			);
			name = PokedexTests;
			productName = PokedexTests;
			productReference = 422C0FD71D4AECCB0044007E /* PokedexTests.xctest */;
			productType = "com.apple.product-type.bundle.unit-test";
		};
		422C0FE11D4AECCB0044007E /* PokedexUITests */ = {
			isa = PBXNativeTarget;
			buildConfigurationList = 422C0FF11D4AECCB0044007E /* Build configuration list for PBXNativeTarget "PokedexUITests" */;
			buildPhases = (
				422C0FDE1D4AECCB0044007E /* Sources */,
				422C0FDF1D4AECCB0044007E /* Frameworks */,
				422C0FE01D4AECCB0044007E /* Resources */,
			);
			buildRules = (
			);
			dependencies = (
				422C0FE41D4AECCB0044007E /* PBXTargetDependency */,
			);
			name = PokedexUITests;
			productName = PokedexUITests;
			productReference = 422C0FE21D4AECCB0044007E /* PokedexUITests.xctest */;
			productType = "com.apple.product-type.bundle.ui-testing";
		};
/* End PBXNativeTarget section */

/* Begin PBXProject section */
		422C0FBB1D4AECCB0044007E /* Project object */ = {
			isa = PBXProject;
			attributes = {
				LastSwiftUpdateCheck = 0730;
				LastUpgradeCheck = 0730;
				ORGANIZATIONNAME = Programmer;
				TargetAttributes = {
					422C0FC21D4AECCB0044007E = {
						CreatedOnToolsVersion = 7.3.1;
					};
					422C0FD61D4AECCB0044007E = {
						CreatedOnToolsVersion = 7.3.1;
						TestTargetID = 422C0FC21D4AECCB0044007E;
					};
					422C0FE11D4AECCB0044007E = {
						CreatedOnToolsVersion = 7.3.1;
						TestTargetID = 422C0FC21D4AECCB0044007E;
					};
				};
			};
			buildConfigurationList = 422C0FBE1D4AECCB0044007E /* Build configuration list for PBXProject "Pokedex" */;
			compatibilityVersion = "Xcode 3.2";
			developmentRegion = English;
			hasScannedForEncodings = 0;
			knownRegions = (
				en,
				Base,
			);
			mainGroup = 422C0FBA1D4AECCB0044007E;
			productRefGroup = 422C0FC41D4AECCB0044007E /* Products */;
			projectDirPath = "";
			projectRoot = "";
			targets = (
				422C0FC21D4AECCB0044007E /* Pokedex */,
				422C0FD61D4AECCB0044007E /* PokedexTests */,
				422C0FE11D4AECCB0044007E /* PokedexUITests */,
			);
		};
/* End PBXProject section */

/* Begin PBXResourcesBuildPhase section */
		422C0FC11D4AECCB0044007E /* Resources */ = {
			isa = PBXResourcesBuildPhase;
			buildActionMask = 2147483647;
			files = (
				4256E4A31D4C415D004666A7 /* pokemon.ttf in Resources */,
				4256E4AC1D4C467D004666A7 /* gym.mp3 in Resources */,
				422C0FD11D4AECCB0044007E /* LaunchScreen.storyboard in Resources */,
				422C0FCE1D4AECCB0044007E /* Assets.xcassets in Resources */,
				427813941D4AF94900445921 /* pokemon.csv in Resources */,
				422C0FCC1D4AECCB0044007E /* Main.storyboard in Resources */,
				4256E4A81D4C447B004666A7 /* music.png in Resources */,
			);
			runOnlyForDeploymentPostprocessing = 0;
		};
		422C0FD51D4AECCB0044007E /* Resources */ = {
			isa = PBXResourcesBuildPhase;
			buildActionMask = 2147483647;
			files = (
			);
			runOnlyForDeploymentPostprocessing = 0;
		};
		422C0FE01D4AECCB0044007E /* Resources */ = {
			isa = PBXResourcesBuildPhase;
			buildActionMask = 2147483647;
			files = (
			);
			runOnlyForDeploymentPostprocessing = 0;
		};
/* End PBXResourcesBuildPhase section */

/* Begin PBXSourcesBuildPhase section */
		422C0FBF1D4AECCB0044007E /* Sources */ = {
			isa = PBXSourcesBuildPhase;
			buildActionMask = 2147483647;
			files = (
				422C0FC91D4AECCB0044007E /* ViewController.swift in Sources */,
				422C0FC71D4AECCB0044007E /* AppDelegate.swift in Sources */,
				4278139A1D4B06C900445921 /* PokeCellCollectionViewCell.swift in Sources */,
				4256E4AE1D4C5A5E004666A7 /* PokemonDetailVC.swift in Sources */,
				427813971D4AFAD100445921 /* Pokemon.swift in Sources */,
				4256E4A11D4C3823004666A7 /* csv.swift in Sources */,
			);
			runOnlyForDeploymentPostprocessing = 0;
		};
		422C0FD31D4AECCB0044007E /* Sources */ = {
			isa = PBXSourcesBuildPhase;
			buildActionMask = 2147483647;
			files = (
				422C0FDC1D4AECCB0044007E /* PokedexTests.swift in Sources */,
			);
			runOnlyForDeploymentPostprocessing = 0;
		};
		422C0FDE1D4AECCB0044007E /* Sources */ = {
			isa = PBXSourcesBuildPhase;
			buildActionMask = 2147483647;
			files = (
				422C0FE71D4AECCB0044007E /* PokedexUITests.swift in Sources */,
			);
			runOnlyForDeploymentPostprocessing = 0;
		};
/* End PBXSourcesBuildPhase section */

/* Begin PBXTargetDependency section */
		422C0FD91D4AECCB0044007E /* PBXTargetDependency */ = {
			isa = PBXTargetDependency;
			target = 422C0FC21D4AECCB0044007E /* Pokedex */;
			targetProxy = 422C0FD81D4AECCB0044007E /* PBXContainerItemProxy */;
		};
		422C0FE41D4AECCB0044007E /* PBXTargetDependency */ = {
			isa = PBXTargetDependency;
			target = 422C0FC21D4AECCB0044007E /* Pokedex */;
			targetProxy = 422C0FE31D4AECCB0044007E /* PBXContainerItemProxy */;
		};
/* End PBXTargetDependency section */

/* Begin PBXVariantGroup section */
		422C0FCA1D4AECCB0044007E /* Main.storyboard */ = {
			isa = PBXVariantGroup;
			children = (
				422C0FCB1D4AECCB0044007E /* Base */,
			);
			name = Main.storyboard;
			sourceTree = "<group>";
		};
		422C0FCF1D4AECCB0044007E /* LaunchScreen.storyboard */ = {
			isa = PBXVariantGroup;
			children = (
				422C0FD01D4AECCB0044007E /* Base */,
			);
			name = LaunchScreen.storyboard;
			sourceTree = "<group>";
		};
/* End PBXVariantGroup section */

/* Begin XCBuildConfiguration section */
		422C0FE91D4AECCB0044007E /* Debug */ = {
			isa = XCBuildConfiguration;
			buildSettings = {
				ALWAYS_SEARCH_USER_PATHS = NO;
				CLANG_ANALYZER_NONNULL = YES;
				CLANG_CXX_LANGUAGE_STANDARD = "gnu++0x";
				CLANG_CXX_LIBRARY = "libc++";
				CLANG_ENABLE_MODULES = YES;
				CLANG_ENABLE_OBJC_ARC = YES;
				CLANG_WARN_BOOL_CONVERSION = YES;
				CLANG_WARN_CONSTANT_CONVERSION = YES;
				CLANG_WARN_DIRECT_OBJC_ISA_USAGE = YES_ERROR;
				CLANG_WARN_EMPTY_BODY = YES;
				CLANG_WARN_ENUM_CONVERSION = YES;
				CLANG_WARN_INT_CONVERSION = YES;
				CLANG_WARN_OBJC_ROOT_CLASS = YES_ERROR;
				CLANG_WARN_UNREACHABLE_CODE = YES;
				CLANG_WARN__DUPLICATE_METHOD_MATCH = YES;
				"CODE_SIGN_IDENTITY[sdk=iphoneos*]" = "iPhone Developer";
				COPY_PHASE_STRIP = NO;
				DEBUG_INFORMATION_FORMAT = dwarf;
				ENABLE_STRICT_OBJC_MSGSEND = YES;
				ENABLE_TESTABILITY = YES;
				GCC_C_LANGUAGE_STANDARD = gnu99;
				GCC_DYNAMIC_NO_PIC = NO;
				GCC_NO_COMMON_BLOCKS = YES;
				GCC_OPTIMIZATION_LEVEL = 0;
				GCC_PREPROCESSOR_DEFINITIONS = (
					"DEBUG=1",
					"$(inherited)",
				);
				GCC_WARN_64_TO_32_BIT_CONVERSION = YES;
				GCC_WARN_ABOUT_RETURN_TYPE = YES_ERROR;
				GCC_WARN_UNDECLARED_SELECTOR = YES;
				GCC_WARN_UNINITIALIZED_AUTOS = YES_AGGRESSIVE;
				GCC_WARN_UNUSED_FUNCTION = YES;
				GCC_WARN_UNUSED_VARIABLE = YES;
				IPHONEOS_DEPLOYMENT_TARGET = 9.3;
				MTL_ENABLE_DEBUG_INFO = YES;
				ONLY_ACTIVE_ARCH = YES;
				SDKROOT = iphoneos;
				SWIFT_OPTIMIZATION_LEVEL = "-Onone";
			};
			name = Debug;
		};
		422C0FEA1D4AECCB0044007E /* Release */ = {
			isa = XCBuildConfiguration;
			buildSettings = {
				ALWAYS_SEARCH_USER_PATHS = NO;
				CLANG_ANALYZER_NONNULL = YES;
				CLANG_CXX_LANGUAGE_STANDARD = "gnu++0x";
				CLANG_CXX_LIBRARY = "libc++";
				CLANG_ENABLE_MODULES = YES;
				CLANG_ENABLE_OBJC_ARC = YES;
				CLANG_WARN_BOOL_CONVERSION = YES;
				CLANG_WARN_CONSTANT_CONVERSION = YES;
				CLANG_WARN_DIRECT_OBJC_ISA_USAGE = YES_ERROR;
				CLANG_WARN_EMPTY_BODY = YES;
				CLANG_WARN_ENUM_CONVERSION = YES;
				CLANG_WARN_INT_CONVERSION = YES;
				CLANG_WARN_OBJC_ROOT_CLASS = YES_ERROR;
				CLANG_WARN_UNREACHABLE_CODE = YES;
				CLANG_WARN__DUPLICATE_METHOD_MATCH = YES;
				"CODE_SIGN_IDENTITY[sdk=iphoneos*]" = "iPhone Developer";
				COPY_PHASE_STRIP = NO;
				DEBUG_INFORMATION_FORMAT = "dwarf-with-dsym";
				ENABLE_NS_ASSERTIONS = NO;
				ENABLE_STRICT_OBJC_MSGSEND = YES;
				GCC_C_LANGUAGE_STANDARD = gnu99;
				GCC_NO_COMMON_BLOCKS = YES;
				GCC_WARN_64_TO_32_BIT_CONVERSION = YES;
				GCC_WARN_ABOUT_RETURN_TYPE = YES_ERROR;
				GCC_WARN_UNDECLARED_SELECTOR = YES;
				GCC_WARN_UNINITIALIZED_AUTOS = YES_AGGRESSIVE;
				GCC_WARN_UNUSED_FUNCTION = YES;
				GCC_WARN_UNUSED_VARIABLE = YES;
				IPHONEOS_DEPLOYMENT_TARGET = 9.3;
				MTL_ENABLE_DEBUG_INFO = NO;
				SDKROOT = iphoneos;
				VALIDATE_PRODUCT = YES;
			};
			name = Release;
		};
		422C0FEC1D4AECCB0044007E /* Debug */ = {
			isa = XCBuildConfiguration;
			buildSettings = {
				ASSETCATALOG_COMPILER_APPICON_NAME = AppIcon;
				INFOPLIST_FILE = Pokedex/Info.plist;
				LD_RUNPATH_SEARCH_PATHS = "$(inherited) @executable_path/Frameworks";
				PRODUCT_BUNDLE_IDENTIFIER = mycompany.Pokedex;
				PRODUCT_NAME = "$(TARGET_NAME)";
			};
			name = Debug;
		};
		422C0FED1D4AECCB0044007E /* Release */ = {
			isa = XCBuildConfiguration;
			buildSettings = {
				ASSETCATALOG_COMPILER_APPICON_NAME = AppIcon;
				INFOPLIST_FILE = Pokedex/Info.plist;
				LD_RUNPATH_SEARCH_PATHS = "$(inherited) @executable_path/Frameworks";
				PRODUCT_BUNDLE_IDENTIFIER = mycompany.Pokedex;
				PRODUCT_NAME = "$(TARGET_NAME)";
			};
			name = Release;
		};
		422C0FEF1D4AECCB0044007E /* Debug */ = {
			isa = XCBuildConfiguration;
			buildSettings = {
				BUNDLE_LOADER = "$(TEST_HOST)";
				INFOPLIST_FILE = PokedexTests/Info.plist;
				LD_RUNPATH_SEARCH_PATHS = "$(inherited) @executable_path/Frameworks @loader_path/Frameworks";
				PRODUCT_BUNDLE_IDENTIFIER = mycompany.PokedexTests;
				PRODUCT_NAME = "$(TARGET_NAME)";
				TEST_HOST = "$(BUILT_PRODUCTS_DIR)/Pokedex.app/Pokedex";
			};
			name = Debug;
		};
		422C0FF01D4AECCB0044007E /* Release */ = {
			isa = XCBuildConfiguration;
			buildSettings = {
				BUNDLE_LOADER = "$(TEST_HOST)";
				INFOPLIST_FILE = PokedexTests/Info.plist;
				LD_RUNPATH_SEARCH_PATHS = "$(inherited) @executable_path/Frameworks @loader_path/Frameworks";
				PRODUCT_BUNDLE_IDENTIFIER = mycompany.PokedexTests;
				PRODUCT_NAME = "$(TARGET_NAME)";
				TEST_HOST = "$(BUILT_PRODUCTS_DIR)/Pokedex.app/Pokedex";
			};
			name = Release;
		};
		422C0FF21D4AECCB0044007E /* Debug */ = {
			isa = XCBuildConfiguration;
			buildSettings = {
				INFOPLIST_FILE = PokedexUITests/Info.plist;
				LD_RUNPATH_SEARCH_PATHS = "$(inherited) @executable_path/Frameworks @loader_path/Frameworks";
				PRODUCT_BUNDLE_IDENTIFIER = mycompany.PokedexUITests;
				PRODUCT_NAME = "$(TARGET_NAME)";
				TEST_TARGET_NAME = Pokedex;
			};
			name = Debug;
		};
		422C0FF31D4AECCB0044007E /* Release */ = {
			isa = XCBuildConfiguration;
			buildSettings = {
				INFOPLIST_FILE = PokedexUITests/Info.plist;
				LD_RUNPATH_SEARCH_PATHS = "$(inherited) @executable_path/Frameworks @loader_path/Frameworks";
				PRODUCT_BUNDLE_IDENTIFIER = mycompany.PokedexUITests;
				PRODUCT_NAME = "$(TARGET_NAME)";
				TEST_TARGET_NAME = Pokedex;
			};
			name = Release;
		};
/* End XCBuildConfiguration section */

/* Begin XCConfigurationList section */
		422C0FBE1D4AECCB0044007E /* Build configuration list for PBXProject "Pokedex" */ = {
			isa = XCConfigurationList;
			buildConfigurations = (
				422C0FE91D4AECCB0044007E /* Debug */,
				422C0FEA1D4AECCB0044007E /* Release */,
			);
			defaultConfigurationIsVisible = 0;
			defaultConfigurationName = Release;
		};
		422C0FEB1D4AECCB0044007E /* Build configuration list for PBXNativeTarget "Pokedex" */ = {
			isa = XCConfigurationList;
			buildConfigurations = (
				422C0FEC1D4AECCB0044007E /* Debug */,
				422C0FED1D4AECCB0044007E /* Release */,
			);
			defaultConfigurationIsVisible = 0;
			defaultConfigurationName = Release;
		};
		422C0FEE1D4AECCB0044007E /* Build configuration list for PBXNativeTarget "PokedexTests" */ = {
			isa = XCConfigurationList;
			buildConfigurations = (
				422C0FEF1D4AECCB0044007E /* Debug */,
				422C0FF01D4AECCB0044007E /* Release */,
			);
			defaultConfigurationIsVisible = 0;
			defaultConfigurationName = Release;
		};
		422C0FF11D4AECCB0044007E /* Build configuration list for PBXNativeTarget "PokedexUITests" */ = {
			isa = XCConfigurationList;
			buildConfigurations = (
				422C0FF21D4AECCB0044007E /* Debug */,
				422C0FF31D4AECCB0044007E /* Release */,
			);
			defaultConfigurationIsVisible = 0;
			defaultConfigurationName = Release;
		};
/* End XCConfigurationList section */
	};
	rootObject = 422C0FBB1D4AECCB0044007E /* Project object */;
}
